{
  "version": 4,
  "terraform_version": "1.12.2",
  "serial": 16,
  "lineage": "fd25a4f0-ddad-a9f4-1634-e50bc05b9939",
  "outputs": {
    "access_token": {
      "value": "ya29.c.c0ASRK0GZWeImEdKnIhFEbsH6MhIDJD_0gFqvyzV3wj7sOEwaBTmpqipzJA_haEyXjRx0qLEyD7vEXo4jgqCGydtOTSyHwK5gMOd8K4MOgMobwfyh5VxQHbKVgoU9s43Hyl4D_S20A7mpx2pcNTUQelPMsPVmPB3L4InugHPX4ZOSN1ciTWvano2mY6wHh8TATM9KCAKgLG7Jes_e1ImKlP3ppHkbwseUHGQpi_KP91Ej9IWvTWcz9Ub65L_CIDQ3B-vYtooFxF1Sfpsp7HLHHcNofxcAkbAxG6hHSw7ojb1eMk5QKTI_dFdqk8ulqSWGpe1MrZELCTymYvmIqYxomU4SgBsKGvUVBilOM7lWVphptLsDhcmwQSBGbOAG387Dhvk-k034JI0d-27OOyUIZuadZQzejk29z-3wSRXMR3bfhoSpzi0F3xoX9kjhI_8n6xesR5upXuwVZYIMlBdrxI-lbcj_jWsWxU4lVfZluqYf8kMqiu4SS4-daI9Bk3lM_oQFMk-jiawvtwe7cxy4_hawgbWSbvWv629wXYMVlrRh2b5yp-Q9gz5Rhx6h9zy7hmryM_1msS2Rn3uaI7dlX7eqZ_cVqv8qMFXJ10eZZM6pgI8v3y5bn1bpUJRwSrouVQ7OWpdujbqvuqxIvj0ulm0oMhxcfyjMrlZn2Buha7l2Bgd_hOQO3Z79nhRf5kgqt0bcF-qcrdpob8ymx51VfkMbiM8MapkaZMrUO20h1hYaf73lIf_kx4w2tFIdsxqSxkaRp8qyIVOUzb6FXufQYrqkpYz1j49r9j3w7sF7qac1ip0-3-w2YFedx9Zn0Z-9JR1sq5q_r9hW_6RXimaqJUJaYXz-I5sFgyMfYo2WzffsY1Upbm9drct7Zwpx84Yqlqq_Y-WQ8Mt2y1B2fRMZt1bjffbegSrg30YtodY8hwyaQn6hcsjaMRMurzBilhjd7eSuUBxdXUFyes6bkx2n1f2S-jmtr5nedkb9FUgxr4qOjs5l1UYJczbk",
      "type": "string",
      "sensitive": true
    },
    "cluster_ca_certificate": {
      "value": "LS0tLS1CRUdJTiBDRVJUSUZJQ0FURS0tLS0tCk1JSUVMVENDQXBXZ0F3SUJBZ0lSQUxuK2FUYVRGeDhHOEFGRWprRytZZmd3RFFZSktvWklodmNOQVFFTEJRQXcKTHpFdE1Dc0dBMVVFQXhNa05qa3hZbUUwTnpBdE1UUmhNUzAwTURsbExUazBaR1l0TXprNU0yUXlOak5qT1RWbApNQ0FYRFRJMU1EZ3lOVEUyTWpZMU5sb1lEekl3TlRVd09ERTRNVGN5TmpVMldqQXZNUzB3S3dZRFZRUURFeVEyCk9URmlZVFEzTUMweE5HRXhMVFF3T1dVdE9UUmtaaTB6T1RrelpESTJNMk01TldVd2dnR2lNQTBHQ1NxR1NJYjMKRFFFQkFRVUFBNElCandBd2dnR0tBb0lCZ1FDdEtBUko1ZWJraDdJN3RpU09uYnc1UkZZQlgyNFdGU2UzbkgzcApOc1dJa3BTRWZJZ00wTVA4cmlYb3lnNjRjb3FmdHNrN2lBZUUrYVNlekhyVE5ybE5BTWwzaFhUcHZHQmxtWnFKClh4K0FrOHRLOC92L1g4MjMvQm5TVlV4OFVnVTVLV2laZ2lMN2ppcVd3VFZlSit0YnJ5WmhyV1drSnYzS1l3bXAKVWJDRDFIZXFUNDJpdkE1YWZqSnRaKy82VDVGeXY1NWtYbnBIREpvTWZGVGR6a1Q1dzVVRmRhU2hYeFltTkhIVwpUU0NSNE9CdWdVRnltcytvVTQxSlRaMmpXNDZDUFFWdHkwMVpPT1hINEo2THVpSEN2RkpFL3RNbTRSc3BEYUg3CmM4STg3alBFdlBGRUxod0JiSUh3eTBKdXpxMXBHM3oyNVlEU09tb3ErV0VreUxKNmcrTkdaTzlqSXlabVdGZU4KNnl6STBBZnM1Y0N2Wm5zeWxtdzhxb1VjNmhGUlV3a3hoK3NKdXViOENGYXVVYmowazlaUklVdWJvOFRNNXVGbgpPZ2xiNUphYU0vL3FJZk1UOENJK0Z1bDJPWjYwV21HVWdJMG9lR1N1Mjk1RjFkY3ZGOUpHREhpQWJ4Vk1PK0VqCkZxekJHN3pKd3hBYkZCMG9YMmlxYVQyQnBUa0NBd0VBQWFOQ01FQXdEZ1lEVlIwUEFRSC9CQVFEQWdJRU1BOEcKQTFVZEV3RUIvd1FGTUFNQkFmOHdIUVlEVlIwT0JCWUVGTGF1Yk9KcS9xUWFoRzRTdXRjYnZvSFdPRGlVTUEwRwpDU3FHU0liM0RRRUJDd1VBQTRJQmdRQ1VhU05iZmwvSXJsdEYxN0JvYUZ1T3FLQzZNMFRMTHBIT1MzVzFVY25OCjhjdnl1aFRvUlZxNVVPUG82Wm8xTTlOYlArZmJyODJ3WCtEY01Kb1g5MlQ5UzlHSWMwU3VVWnJXZWx3K3NXcjMKeTJDYXJSbXh4ei9nWE0xcm1mcjZ0dXhIRnpWSUdoTUttVWxFQXlIWlFOZ0FaL0tEWXB3YVFlQU94Z1ppL25USApaSTlJSUJkT08vREk0RkpnWlNKSjlwZmVHMDFoSG9rWHAyVlJsSzZGZHUxQUdma1pYWDNhZzV1QWFaZGdrSXV2CnRuVHQvNWEwZ3Z0MzZCenhYMFhmTHhybmF2WUs5c243ekRxVnl6LzExclVESy9uOUhsUVprSXNNN25EVWs3STUKMjYrR1pFb3haTFprVzRBY1NXanRVWnFMUzgrVlFGbG9DcC95eGRJVTcxeTBNbTBQakpUc0FCb2duZ0FDcmd2eAozeGl1VTE5anFJQ28rY2tiSDh4aHo0MEtaYmptWmoyMGdlZXNRbkxETW1Oakp1ejJVbFNvNkFlZG1DOEhRNWVjCmlYb1c5MEtIeGovSThYMVBKRGY0bmg0UFFqOGZ1REJBaUVXSUFENjdINkxJdzV3VUhIZElsYW9veTBwbUFyRTkKU3dDU05EZ1JrUmMrSkd4U2RxdDBiSWc9Ci0tLS0tRU5EIENFUlRJRklDQVRFLS0tLS0K",
      "type": "string",
      "sensitive": true
    },
    "cluster_endpoint": {
      "value": "35.233.78.144",
      "type": "string",
      "sensitive": true
    },
    "cluster_name": {
      "value": "whispr-cluster",
      "type": "string"
    }
  },
  "resources": [
    {
      "mode": "data",
      "type": "google_client_config",
      "name": "default",
      "provider": "provider[\"registry.terraform.io/hashicorp/google\"]",
      "instances": [
        {
          "schema_version": 0,
          "attributes": {
            "access_token": "ya29.c.c0ASRK0GZWeImEdKnIhFEbsH6MhIDJD_0gFqvyzV3wj7sOEwaBTmpqipzJA_haEyXjRx0qLEyD7vEXo4jgqCGydtOTSyHwK5gMOd8K4MOgMobwfyh5VxQHbKVgoU9s43Hyl4D_S20A7mpx2pcNTUQelPMsPVmPB3L4InugHPX4ZOSN1ciTWvano2mY6wHh8TATM9KCAKgLG7Jes_e1ImKlP3ppHkbwseUHGQpi_KP91Ej9IWvTWcz9Ub65L_CIDQ3B-vYtooFxF1Sfpsp7HLHHcNofxcAkbAxG6hHSw7ojb1eMk5QKTI_dFdqk8ulqSWGpe1MrZELCTymYvmIqYxomU4SgBsKGvUVBilOM7lWVphptLsDhcmwQSBGbOAG387Dhvk-k034JI0d-27OOyUIZuadZQzejk29z-3wSRXMR3bfhoSpzi0F3xoX9kjhI_8n6xesR5upXuwVZYIMlBdrxI-lbcj_jWsWxU4lVfZluqYf8kMqiu4SS4-daI9Bk3lM_oQFMk-jiawvtwe7cxy4_hawgbWSbvWv629wXYMVlrRh2b5yp-Q9gz5Rhx6h9zy7hmryM_1msS2Rn3uaI7dlX7eqZ_cVqv8qMFXJ10eZZM6pgI8v3y5bn1bpUJRwSrouVQ7OWpdujbqvuqxIvj0ulm0oMhxcfyjMrlZn2Buha7l2Bgd_hOQO3Z79nhRf5kgqt0bcF-qcrdpob8ymx51VfkMbiM8MapkaZMrUO20h1hYaf73lIf_kx4w2tFIdsxqSxkaRp8qyIVOUzb6FXufQYrqkpYz1j49r9j3w7sF7qac1ip0-3-w2YFedx9Zn0Z-9JR1sq5q_r9hW_6RXimaqJUJaYXz-I5sFgyMfYo2WzffsY1Upbm9drct7Zwpx84Yqlqq_Y-WQ8Mt2y1B2fRMZt1bjffbegSrg30YtodY8hwyaQn6hcsjaMRMurzBilhjd7eSuUBxdXUFyes6bkx2n1f2S-jmtr5nedkb9FUgxr4qOjs5l1UYJczbk",
            "default_labels": null,
            "id": "projects/\"whisp-469509\"/regions/\"europe-west1\"/zones/\"europe-west1-a\"",
            "project": "whisp-469509",
            "region": "europe-west1",
            "zone": "europe-west1-a"
          },
          "sensitive_attributes": [
            [
              {
                "type": "get_attr",
                "value": "access_token"
              }
            ]
          ],
          "identity_schema_version": 0
        }
      ]
    },
    {
      "module": "module.google_kubernetes_engine",
      "mode": "managed",
      "type": "google_compute_network",
      "name": "vpc",
      "provider": "provider[\"registry.terraform.io/hashicorp/google\"]",
      "instances": [
        {
          "schema_version": 0,
          "attributes": {
            "auto_create_subnetworks": false,
            "delete_default_routes_on_create": false,
            "description": "",
            "enable_ula_internal_ipv6": false,
            "gateway_ipv4": "",
            "id": "projects/whisp-469509/global/networks/whispr-cluster-vpc",
            "internal_ipv6_range": "",
            "mtu": 0,
            "name": "whispr-cluster-vpc",
            "network_firewall_policy_enforcement_order": "AFTER_CLASSIC_FIREWALL",
            "numeric_id": "8143199790872732253",
            "project": "whisp-469509",
            "routing_mode": "REGIONAL",
            "self_link": "https://www.googleapis.com/compute/v1/projects/whisp-469509/global/networks/whispr-cluster-vpc",
            "timeouts": null
          },
          "sensitive_attributes": [],
          "identity_schema_version": 0,
          "private": "eyJlMmJmYjczMC1lY2FhLTExZTYtOGY4OC0zNDM2M2JjN2M0YzAiOnsiY3JlYXRlIjoxMjAwMDAwMDAwMDAwLCJkZWxldGUiOjEyMDAwMDAwMDAwMDAsInVwZGF0ZSI6MTIwMDAwMDAwMDAwMH19"
        }
      ]
    },
    {
      "module": "module.google_kubernetes_engine",
      "mode": "managed",
      "type": "google_compute_subnetwork",
      "name": "subnet",
      "provider": "provider[\"registry.terraform.io/hashicorp/google\"]",
      "instances": [
        {
          "schema_version": 0,
          "attributes": {
            "creation_timestamp": "2025-08-25T10:26:23.668-07:00",
            "description": "",
            "external_ipv6_prefix": "",
            "fingerprint": null,
            "gateway_address": "10.0.0.1",
            "id": "projects/whisp-469509/regions/europe-west1/subnetworks/whispr-cluster-subnet",
            "internal_ipv6_prefix": "",
            "ip_cidr_range": "10.0.0.0/24",
            "ipv6_access_type": "",
            "ipv6_cidr_range": "",
            "log_config": [],
            "name": "whispr-cluster-subnet",
            "network": "https://www.googleapis.com/compute/v1/projects/whisp-469509/global/networks/whispr-cluster-vpc",
            "private_ip_google_access": false,
            "private_ipv6_google_access": "DISABLE_GOOGLE_ACCESS",
            "project": "whisp-469509",
            "purpose": "PRIVATE",
            "region": "europe-west1",
            "role": "",
            "secondary_ip_range": [
              {
                "ip_cidr_range": "10.1.0.0/16",
                "range_name": "pods"
              },
              {
                "ip_cidr_range": "10.2.0.0/16",
                "range_name": "services"
              }
            ],
            "self_link": "https://www.googleapis.com/compute/v1/projects/whisp-469509/regions/europe-west1/subnetworks/whispr-cluster-subnet",
            "send_secondary_ip_range_if_empty": null,
            "stack_type": "IPV4_ONLY",
            "timeouts": null
          },
          "sensitive_attributes": [],
          "identity_schema_version": 0,
          "private": "eyJlMmJmYjczMC1lY2FhLTExZTYtOGY4OC0zNDM2M2JjN2M0YzAiOnsiY3JlYXRlIjoxMjAwMDAwMDAwMDAwLCJkZWxldGUiOjEyMDAwMDAwMDAwMDAsInVwZGF0ZSI6MTIwMDAwMDAwMDAwMH19",
          "dependencies": [
            "module.google_kubernetes_engine.google_compute_network.vpc"
          ]
        }
      ]
    },
    {
      "module": "module.google_kubernetes_engine",
      "mode": "managed",
      "type": "google_container_cluster",
      "name": "whispr",
      "provider": "provider[\"registry.terraform.io/hashicorp/google\"]",
      "instances": [
        {
          "schema_version": 2,
          "attributes": {
            "addons_config": [
              {
                "cloudrun_config": [],
                "config_connector_config": [],
                "dns_cache_config": [],
                "gce_persistent_disk_csi_driver_config": [
                  {
                    "enabled": true
                  }
                ],
                "gcp_filestore_csi_driver_config": [],
                "gcs_fuse_csi_driver_config": [],
                "gke_backup_agent_config": [],
                "horizontal_pod_autoscaling": [],
                "http_load_balancing": [],
                "network_policy_config": [
                  {
                    "disabled": true
                  }
                ],
                "ray_operator_config": [],
                "stateful_ha_config": []
              }
            ],
            "allow_net_admin": null,
            "authenticator_groups_config": [],
            "binary_authorization": [
              {
                "enabled": false,
                "evaluation_mode": ""
              }
            ],
            "cluster_autoscaling": [
              {
                "auto_provisioning_defaults": [],
                "auto_provisioning_locations": [],
                "autoscaling_profile": "BALANCED",
                "enabled": false,
                "resource_limits": []
              }
            ],
            "cluster_ipv4_cidr": "10.1.0.0/16",
            "confidential_nodes": [],
            "cost_management_config": [],
            "database_encryption": [
              {
                "key_name": "",
                "state": "DECRYPTED"
              }
            ],
            "datapath_provider": "",
            "default_max_pods_per_node": 110,
            "default_snat_status": [
              {
                "disabled": false
              }
            ],
            "deletion_protection": true,
            "description": "",
            "dns_config": [],
            "enable_autopilot": false,
            "enable_cilium_clusterwide_network_policy": false,
            "enable_intranode_visibility": false,
            "enable_k8s_beta_apis": [],
            "enable_kubernetes_alpha": false,
            "enable_l4_ilb_subsetting": false,
            "enable_legacy_abac": false,
            "enable_multi_networking": false,
            "enable_shielded_nodes": true,
            "enable_tpu": false,
            "endpoint": "35.233.78.144",
            "fleet": [],
            "gateway_api_config": [],
            "id": "projects/whisp-469509/locations/europe-west1-b/clusters/whispr-cluster",
            "identity_service_config": [],
            "initial_node_count": 1,
            "ip_allocation_policy": [
              {
                "additional_pod_ranges_config": [],
                "cluster_ipv4_cidr_block": "10.1.0.0/16",
                "cluster_secondary_range_name": "pods",
                "pod_cidr_overprovision_config": [
                  {
                    "disabled": false
                  }
                ],
                "services_ipv4_cidr_block": "10.2.0.0/16",
                "services_secondary_range_name": "services",
                "stack_type": "IPV4"
              }
            ],
            "label_fingerprint": "a9dc16a7",
            "location": "europe-west1-b",
            "logging_config": [
              {
                "enable_components": [
                  "SYSTEM_COMPONENTS",
                  "WORKLOADS"
                ]
              }
            ],
            "logging_service": "logging.googleapis.com/kubernetes",
            "maintenance_policy": [
              {
                "daily_maintenance_window": [
                  {
                    "duration": "PT4H0M0S",
                    "start_time": "03:00"
                  }
                ],
                "maintenance_exclusion": [],
                "recurring_window": []
              }
            ],
            "master_auth": [
              {
                "client_certificate": "",
                "client_certificate_config": [
                  {
                    "issue_client_certificate": false
                  }
                ],
                "client_key": "",
                "cluster_ca_certificate": "LS0tLS1CRUdJTiBDRVJUSUZJQ0FURS0tLS0tCk1JSUVMVENDQXBXZ0F3SUJBZ0lSQUxuK2FUYVRGeDhHOEFGRWprRytZZmd3RFFZSktvWklodmNOQVFFTEJRQXcKTHpFdE1Dc0dBMVVFQXhNa05qa3hZbUUwTnpBdE1UUmhNUzAwTURsbExUazBaR1l0TXprNU0yUXlOak5qT1RWbApNQ0FYRFRJMU1EZ3lOVEUyTWpZMU5sb1lEekl3TlRVd09ERTRNVGN5TmpVMldqQXZNUzB3S3dZRFZRUURFeVEyCk9URmlZVFEzTUMweE5HRXhMVFF3T1dVdE9UUmtaaTB6T1RrelpESTJNMk01TldVd2dnR2lNQTBHQ1NxR1NJYjMKRFFFQkFRVUFBNElCandBd2dnR0tBb0lCZ1FDdEtBUko1ZWJraDdJN3RpU09uYnc1UkZZQlgyNFdGU2UzbkgzcApOc1dJa3BTRWZJZ00wTVA4cmlYb3lnNjRjb3FmdHNrN2lBZUUrYVNlekhyVE5ybE5BTWwzaFhUcHZHQmxtWnFKClh4K0FrOHRLOC92L1g4MjMvQm5TVlV4OFVnVTVLV2laZ2lMN2ppcVd3VFZlSit0YnJ5WmhyV1drSnYzS1l3bXAKVWJDRDFIZXFUNDJpdkE1YWZqSnRaKy82VDVGeXY1NWtYbnBIREpvTWZGVGR6a1Q1dzVVRmRhU2hYeFltTkhIVwpUU0NSNE9CdWdVRnltcytvVTQxSlRaMmpXNDZDUFFWdHkwMVpPT1hINEo2THVpSEN2RkpFL3RNbTRSc3BEYUg3CmM4STg3alBFdlBGRUxod0JiSUh3eTBKdXpxMXBHM3oyNVlEU09tb3ErV0VreUxKNmcrTkdaTzlqSXlabVdGZU4KNnl6STBBZnM1Y0N2Wm5zeWxtdzhxb1VjNmhGUlV3a3hoK3NKdXViOENGYXVVYmowazlaUklVdWJvOFRNNXVGbgpPZ2xiNUphYU0vL3FJZk1UOENJK0Z1bDJPWjYwV21HVWdJMG9lR1N1Mjk1RjFkY3ZGOUpHREhpQWJ4Vk1PK0VqCkZxekJHN3pKd3hBYkZCMG9YMmlxYVQyQnBUa0NBd0VBQWFOQ01FQXdEZ1lEVlIwUEFRSC9CQVFEQWdJRU1BOEcKQTFVZEV3RUIvd1FGTUFNQkFmOHdIUVlEVlIwT0JCWUVGTGF1Yk9KcS9xUWFoRzRTdXRjYnZvSFdPRGlVTUEwRwpDU3FHU0liM0RRRUJDd1VBQTRJQmdRQ1VhU05iZmwvSXJsdEYxN0JvYUZ1T3FLQzZNMFRMTHBIT1MzVzFVY25OCjhjdnl1aFRvUlZxNVVPUG82Wm8xTTlOYlArZmJyODJ3WCtEY01Kb1g5MlQ5UzlHSWMwU3VVWnJXZWx3K3NXcjMKeTJDYXJSbXh4ei9nWE0xcm1mcjZ0dXhIRnpWSUdoTUttVWxFQXlIWlFOZ0FaL0tEWXB3YVFlQU94Z1ppL25USApaSTlJSUJkT08vREk0RkpnWlNKSjlwZmVHMDFoSG9rWHAyVlJsSzZGZHUxQUdma1pYWDNhZzV1QWFaZGdrSXV2CnRuVHQvNWEwZ3Z0MzZCenhYMFhmTHhybmF2WUs5c243ekRxVnl6LzExclVESy9uOUhsUVprSXNNN25EVWs3STUKMjYrR1pFb3haTFprVzRBY1NXanRVWnFMUzgrVlFGbG9DcC95eGRJVTcxeTBNbTBQakpUc0FCb2duZ0FDcmd2eAozeGl1VTE5anFJQ28rY2tiSDh4aHo0MEtaYmptWmoyMGdlZXNRbkxETW1Oakp1ejJVbFNvNkFlZG1DOEhRNWVjCmlYb1c5MEtIeGovSThYMVBKRGY0bmg0UFFqOGZ1REJBaUVXSUFENjdINkxJdzV3VUhIZElsYW9veTBwbUFyRTkKU3dDU05EZ1JrUmMrSkd4U2RxdDBiSWc9Ci0tLS0tRU5EIENFUlRJRklDQVRFLS0tLS0K"
              }
            ],
            "master_authorized_networks_config": [],
            "master_version": "1.33.2-gke.1240000",
            "mesh_certificates": [],
            "min_master_version": null,
            "monitoring_config": [
              {
                "advanced_datapath_observability_config": [
                  {
                    "enable_metrics": false,
                    "enable_relay": false,
                    "relay_mode": "DISABLED"
                  }
                ],
                "enable_components": [
                  "SYSTEM_COMPONENTS",
                  "STORAGE",
                  "HPA",
                  "POD",
                  "DAEMONSET",
                  "DEPLOYMENT",
                  "STATEFULSET",
                  "JOBSET",
                  "CADVISOR",
                  "KUBELET",
                  "DCGM"
                ],
                "managed_prometheus": [
                  {
                    "enabled": true
                  }
                ]
              }
            ],
            "monitoring_service": "monitoring.googleapis.com/kubernetes",
            "name": "whispr-cluster",
            "network": "projects/whisp-469509/global/networks/whispr-cluster-vpc",
            "network_policy": [
              {
                "enabled": false,
                "provider": "PROVIDER_UNSPECIFIED"
              }
            ],
            "networking_mode": "VPC_NATIVE",
            "node_config": [],
            "node_locations": [],
            "node_pool": [],
            "node_pool_auto_config": [
              {
                "network_tags": [],
                "node_kubelet_config": [
                  {
                    "insecure_kubelet_readonly_port_enabled": "FALSE"
                  }
                ],
                "resource_manager_tags": {}
              }
            ],
            "node_pool_defaults": [
              {
                "node_config_defaults": [
                  {
                    "containerd_config": [],
                    "insecure_kubelet_readonly_port_enabled": "FALSE",
                    "logging_variant": "DEFAULT"
                  }
                ]
              }
            ],
            "node_version": "1.33.2-gke.1240000",
            "notification_config": [
              {
                "pubsub": [
                  {
                    "enabled": false,
                    "filter": [],
                    "topic": ""
                  }
                ]
              }
            ],
            "operation": null,
            "private_cluster_config": [
              {
                "enable_private_endpoint": false,
                "enable_private_nodes": false,
                "master_global_access_config": [
                  {
                    "enabled": false
                  }
                ],
                "master_ipv4_cidr_block": "",
                "peering_name": "",
                "private_endpoint": "10.0.0.2",
                "private_endpoint_subnetwork": "",
                "public_endpoint": "35.233.78.144"
              }
            ],
            "private_ipv6_google_access": "",
            "project": "whisp-469509",
            "release_channel": [
              {
                "channel": "REGULAR"
              }
            ],
            "remove_default_node_pool": true,
            "resource_labels": null,
            "resource_usage_export_config": [],
            "security_posture_config": [
              {
                "mode": "BASIC",
                "vulnerability_mode": "VULNERABILITY_MODE_UNSPECIFIED"
              }
            ],
            "self_link": "https://container.googleapis.com/v1/projects/whisp-469509/zones/europe-west1-b/clusters/whispr-cluster",
            "service_external_ips_config": [
              {
                "enabled": false
              }
            ],
            "services_ipv4_cidr": "10.2.0.0/16",
            "subnetwork": "projects/whisp-469509/regions/europe-west1/subnetworks/whispr-cluster-subnet",
            "timeouts": null,
            "tpu_ipv4_cidr_block": "",
            "vertical_pod_autoscaling": [],
            "workload_identity_config": [
              {
                "workload_pool": "whisp-469509.svc.id.goog"
              }
            ]
          },
          "sensitive_attributes": [
            [
              {
                "type": "get_attr",
                "value": "master_auth"
              },
              {
                "type": "index",
                "value": {
                  "value": 0,
                  "type": "number"
                }
              },
              {
                "type": "get_attr",
                "value": "client_key"
              }
            ]
          ],
          "identity_schema_version": 0,
          "private": "eyJlMmJmYjczMC1lY2FhLTExZTYtOGY4OC0zNDM2M2JjN2M0YzAiOnsiY3JlYXRlIjoyNDAwMDAwMDAwMDAwLCJkZWxldGUiOjI0MDAwMDAwMDAwMDAsInJlYWQiOjI0MDAwMDAwMDAwMDAsInVwZGF0ZSI6MzYwMDAwMDAwMDAwMH0sInNjaGVtYV92ZXJzaW9uIjoiMiJ9",
          "dependencies": [
            "module.google_kubernetes_engine.google_compute_network.vpc",
            "module.google_kubernetes_engine.google_compute_subnetwork.subnet"
          ]
        }
      ]
    },
    {
      "module": "module.google_kubernetes_engine",
      "mode": "managed",
      "type": "google_container_node_pool",
      "name": "workers",
      "provider": "provider[\"registry.terraform.io/hashicorp/google\"]",
      "instances": [
        {
          "schema_version": 1,
          "attributes": {
            "autoscaling": [
              {
                "location_policy": "ANY",
                "max_node_count": 3,
                "min_node_count": 0,
                "total_max_node_count": 0,
                "total_min_node_count": 0
              }
            ],
            "cluster": "whispr-cluster",
            "id": "projects/whisp-469509/locations/europe-west1-b/clusters/whispr-cluster/nodePools/workers",
            "initial_node_count": 3,
            "instance_group_urls": [
              "https://www.googleapis.com/compute/v1/projects/whisp-469509/zones/europe-west1-b/instanceGroupManagers/gke-whispr-cluster-workers-b1dce208-grp"
            ],
            "location": "europe-west1-b",
            "managed_instance_group_urls": [
              "https://www.googleapis.com/compute/v1/projects/whisp-469509/zones/europe-west1-b/instanceGroups/gke-whispr-cluster-workers-b1dce208-grp"
            ],
            "management": [
              {
                "auto_repair": true,
                "auto_upgrade": true
              }
            ],
            "max_pods_per_node": 110,
            "name": "workers",
            "name_prefix": "",
            "network_config": [
              {
                "additional_node_network_configs": [],
                "additional_pod_network_configs": [],
                "create_pod_range": false,
                "enable_private_nodes": false,
                "network_performance_config": [],
                "pod_cidr_overprovision_config": [],
                "pod_ipv4_cidr_block": "10.1.0.0/16",
                "pod_range": "pods"
              }
            ],
            "node_config": [
              {
                "advanced_machine_features": [],
                "boot_disk_kms_key": "",
                "confidential_nodes": [],
                "containerd_config": [],
                "disk_size_gb": 50,
                "disk_type": "pd-standard",
                "effective_taints": [],
                "enable_confidential_storage": false,
                "ephemeral_storage_local_ssd_config": [],
                "fast_socket": [],
                "gcfs_config": [],
                "guest_accelerator": [],
                "gvnic": [],
                "host_maintenance_policy": [],
                "image_type": "COS_CONTAINERD",
                "kubelet_config": [
                  {
                    "cpu_cfs_quota": false,
                    "cpu_cfs_quota_period": "",
                    "cpu_manager_policy": "",
                    "insecure_kubelet_readonly_port_enabled": "FALSE",
                    "pod_pids_limit": 0
                  }
                ],
                "labels": {
                  "machine-type": "e2-standard-4",
                  "node-count": "3",
                  "preemptible": "true"
                },
                "linux_node_config": [],
                "local_nvme_ssd_block_config": [],
                "local_ssd_count": 0,
                "logging_variant": "DEFAULT",
                "machine_type": "e2-standard-4",
                "metadata": {
                  "disable-legacy-endpoints": "true"
                },
                "min_cpu_platform": "",
                "node_group": "",
                "oauth_scopes": [
                  "https://www.googleapis.com/auth/cloud-platform"
                ],
                "preemptible": true,
                "reservation_affinity": [],
                "resource_labels": {
                  "goog-gke-node-pool-provisioning-model": "spot"
                },
                "resource_manager_tags": null,
                "secondary_boot_disks": [],
                "service_account": "whispr-cluster-workers@whisp-469509.iam.gserviceaccount.com",
                "shielded_instance_config": [
                  {
                    "enable_integrity_monitoring": true,
                    "enable_secure_boot": false
                  }
                ],
                "sole_tenant_config": [],
                "spot": false,
                "tags": null,
                "taint": [],
                "workload_metadata_config": [
                  {
                    "mode": "GKE_METADATA"
                  }
                ]
              }
            ],
            "node_count": 3,
            "node_locations": [
              "europe-west1-b"
            ],
            "operation": null,
            "placement_policy": [],
            "project": "whisp-469509",
            "queued_provisioning": [],
            "timeouts": null,
            "upgrade_settings": [
              {
                "blue_green_settings": [],
                "max_surge": 1,
                "max_unavailable": 0,
                "strategy": "SURGE"
              }
            ],
            "version": "1.33.2-gke.1240000"
          },
          "sensitive_attributes": [],
          "identity_schema_version": 0,
          "private": "eyJlMmJmYjczMC1lY2FhLTExZTYtOGY4OC0zNDM2M2JjN2M0YzAiOnsiY3JlYXRlIjoxODAwMDAwMDAwMDAwLCJkZWxldGUiOjE4MDAwMDAwMDAwMDAsInVwZGF0ZSI6MTgwMDAwMDAwMDAwMH0sInNjaGVtYV92ZXJzaW9uIjoiMSJ9",
          "dependencies": [
            "module.google_kubernetes_engine.google_compute_network.vpc",
            "module.google_kubernetes_engine.google_compute_subnetwork.subnet",
            "module.google_kubernetes_engine.google_container_cluster.whispr",
            "module.google_kubernetes_engine.google_service_account.gke_sa"
          ]
        }
      ]
    },
    {
      "module": "module.google_kubernetes_engine",
      "mode": "managed",
      "type": "google_project_iam_member",
      "name": "gke_permissions",
      "provider": "provider[\"registry.terraform.io/hashicorp/google\"]",
      "instances": [
        {
          "index_key": "roles/logging.logWriter",
          "schema_version": 0,
          "attributes": {
            "condition": [],
            "etag": "BwY9M8aZAXI=",
            "id": "whisp-469509/roles/logging.logWriter/serviceAccount:whispr-cluster-workers@whisp-469509.iam.gserviceaccount.com",
            "member": "serviceAccount:whispr-cluster-workers@whisp-469509.iam.gserviceaccount.com",
            "project": "whisp-469509",
            "role": "roles/logging.logWriter"
          },
          "sensitive_attributes": [],
          "identity_schema_version": 0,
          "private": "bnVsbA==",
          "dependencies": [
            "module.google_kubernetes_engine.google_service_account.gke_sa"
          ]
        },
        {
          "index_key": "roles/monitoring.metricWriter",
          "schema_version": 0,
          "attributes": {
            "condition": [],
            "etag": "BwY9M8aZAXI=",
            "id": "whisp-469509/roles/monitoring.metricWriter/serviceAccount:whispr-cluster-workers@whisp-469509.iam.gserviceaccount.com",
            "member": "serviceAccount:whispr-cluster-workers@whisp-469509.iam.gserviceaccount.com",
            "project": "whisp-469509",
            "role": "roles/monitoring.metricWriter"
          },
          "sensitive_attributes": [],
          "identity_schema_version": 0,
          "private": "bnVsbA==",
          "dependencies": [
            "module.google_kubernetes_engine.google_service_account.gke_sa"
          ]
        },
        {
          "index_key": "roles/monitoring.viewer",
          "schema_version": 0,
          "attributes": {
            "condition": [],
            "etag": "BwY9M8aZAXI=",
            "id": "whisp-469509/roles/monitoring.viewer/serviceAccount:whispr-cluster-workers@whisp-469509.iam.gserviceaccount.com",
            "member": "serviceAccount:whispr-cluster-workers@whisp-469509.iam.gserviceaccount.com",
            "project": "whisp-469509",
            "role": "roles/monitoring.viewer"
          },
          "sensitive_attributes": [],
          "identity_schema_version": 0,
          "private": "bnVsbA==",
          "dependencies": [
            "module.google_kubernetes_engine.google_service_account.gke_sa"
          ]
        }
      ]
    },
    {
      "module": "module.google_kubernetes_engine",
      "mode": "managed",
      "type": "google_service_account",
      "name": "gke_sa",
      "provider": "provider[\"registry.terraform.io/hashicorp/google\"]",
      "instances": [
        {
          "schema_version": 0,
          "attributes": {
            "account_id": "whispr-cluster-workers",
            "create_ignore_already_exists": null,
            "description": "",
            "disabled": false,
            "display_name": "GKE Workers Service Account",
            "email": "whispr-cluster-workers@whisp-469509.iam.gserviceaccount.com",
            "id": "projects/whisp-469509/serviceAccounts/whispr-cluster-workers@whisp-469509.iam.gserviceaccount.com",
            "member": "serviceAccount:whispr-cluster-workers@whisp-469509.iam.gserviceaccount.com",
            "name": "projects/whisp-469509/serviceAccounts/whispr-cluster-workers@whisp-469509.iam.gserviceaccount.com",
            "project": "whisp-469509",
            "timeouts": null,
            "unique_id": "115778897988974940153"
          },
          "sensitive_attributes": [],
          "identity_schema_version": 0,
          "private": "eyJlMmJmYjczMC1lY2FhLTExZTYtOGY4OC0zNDM2M2JjN2M0YzAiOnsiY3JlYXRlIjozMDAwMDAwMDAwMDB9fQ=="
        }
      ]
    }
  ],
  "check_results": null
}
